
Microsoft Visual Studio Solution File, Format Version 12.00
# Visual Studio 15
VisualStudioVersion = 15.0.26124.0
MinimumVisualStudioVersion = 15.0.26124.0
Project("{F2A71F9B-5D33-465A-A702-920D77279786}") = "example.messaging.rabbit", "example.messaging.rabbit\example.messaging.rabbit.fsproj", "{F727628C-8292-43EF-BEC1-82A0BBBF15BA}"
EndProject
Project("{F2A71F9B-5D33-465A-A702-920D77279786}") = "example.messaging.core", "example.messaging.core\example.messaging.core.fsproj", "{61CFA269-5131-4763-B6F5-ECDA011A5FAA}"
EndProject
Project("{F2A71F9B-5D33-465A-A702-920D77279786}") = "example.messaging.tests", "example.messaging.core.tests\example.messaging.tests.fsproj", "{8BC86D94-BC36-4569-8305-97E37EB92836}"
EndProject
Global
	GlobalSection(SolutionConfigurationPlatforms) = preSolution
		Debug|Any CPU = Debug|Any CPU
		Debug|x64 = Debug|x64
		Debug|x86 = Debug|x86
		Release|Any CPU = Release|Any CPU
		Release|x64 = Release|x64
		Release|x86 = Release|x86
	EndGlobalSection
	GlobalSection(SolutionProperties) = preSolution
		HideSolutionNode = FALSE
	EndGlobalSection
	GlobalSection(ProjectConfigurationPlatforms) = postSolution
		{F727628C-8292-43EF-BEC1-82A0BBBF15BA}.Debug|Any CPU.ActiveCfg = Debug|Any CPU
		{F727628C-8292-43EF-BEC1-82A0BBBF15BA}.Debug|Any CPU.Build.0 = Debug|Any CPU
		{F727628C-8292-43EF-BEC1-82A0BBBF15BA}.Debug|x64.ActiveCfg = Debug|Any CPU
		{F727628C-8292-43EF-BEC1-82A0BBBF15BA}.Debug|x64.Build.0 = Debug|Any CPU
		{F727628C-8292-43EF-BEC1-82A0BBBF15BA}.Debug|x86.ActiveCfg = Debug|Any CPU
		{F727628C-8292-43EF-BEC1-82A0BBBF15BA}.Debug|x86.Build.0 = Debug|Any CPU
		{F727628C-8292-43EF-BEC1-82A0BBBF15BA}.Release|Any CPU.ActiveCfg = Release|Any CPU
		{F727628C-8292-43EF-BEC1-82A0BBBF15BA}.Release|Any CPU.Build.0 = Release|Any CPU
		{F727628C-8292-43EF-BEC1-82A0BBBF15BA}.Release|x64.ActiveCfg = Release|Any CPU
		{F727628C-8292-43EF-BEC1-82A0BBBF15BA}.Release|x64.Build.0 = Release|Any CPU
		{F727628C-8292-43EF-BEC1-82A0BBBF15BA}.Release|x86.ActiveCfg = Release|Any CPU
		{F727628C-8292-43EF-BEC1-82A0BBBF15BA}.Release|x86.Build.0 = Release|Any CPU
		{61CFA269-5131-4763-B6F5-ECDA011A5FAA}.Debug|Any CPU.ActiveCfg = Debug|Any CPU
		{61CFA269-5131-4763-B6F5-ECDA011A5FAA}.Debug|Any CPU.Build.0 = Debug|Any CPU
		{61CFA269-5131-4763-B6F5-ECDA011A5FAA}.Debug|x64.ActiveCfg = Debug|Any CPU
		{61CFA269-5131-4763-B6F5-ECDA011A5FAA}.Debug|x64.Build.0 = Debug|Any CPU
		{61CFA269-5131-4763-B6F5-ECDA011A5FAA}.Debug|x86.ActiveCfg = Debug|Any CPU
		{61CFA269-5131-4763-B6F5-ECDA011A5FAA}.Debug|x86.Build.0 = Debug|Any CPU
		{61CFA269-5131-4763-B6F5-ECDA011A5FAA}.Release|Any CPU.ActiveCfg = Release|Any CPU
		{61CFA269-5131-4763-B6F5-ECDA011A5FAA}.Release|Any CPU.Build.0 = Release|Any CPU
		{61CFA269-5131-4763-B6F5-ECDA011A5FAA}.Release|x64.ActiveCfg = Release|Any CPU
		{61CFA269-5131-4763-B6F5-ECDA011A5FAA}.Release|x64.Build.0 = Release|Any CPU
		{61CFA269-5131-4763-B6F5-ECDA011A5FAA}.Release|x86.ActiveCfg = Release|Any CPU
		{61CFA269-5131-4763-B6F5-ECDA011A5FAA}.Release|x86.Build.0 = Release|Any CPU
		{8BC86D94-BC36-4569-8305-97E37EB92836}.Debug|Any CPU.ActiveCfg = Debug|Any CPU
		{8BC86D94-BC36-4569-8305-97E37EB92836}.Debug|Any CPU.Build.0 = Debug|Any CPU
		{8BC86D94-BC36-4569-8305-97E37EB92836}.Debug|x64.ActiveCfg = Debug|Any CPU
		{8BC86D94-BC36-4569-8305-97E37EB92836}.Debug|x64.Build.0 = Debug|Any CPU
		{8BC86D94-BC36-4569-8305-97E37EB92836}.Debug|x86.ActiveCfg = Debug|Any CPU
		{8BC86D94-BC36-4569-8305-97E37EB92836}.Debug|x86.Build.0 = Debug|Any CPU
		{8BC86D94-BC36-4569-8305-97E37EB92836}.Release|Any CPU.ActiveCfg = Release|Any CPU
		{8BC86D94-BC36-4569-8305-97E37EB92836}.Release|Any CPU.Build.0 = Release|Any CPU
		{8BC86D94-BC36-4569-8305-97E37EB92836}.Release|x64.ActiveCfg = Release|Any CPU
		{8BC86D94-BC36-4569-8305-97E37EB92836}.Release|x64.Build.0 = Release|Any CPU
		{8BC86D94-BC36-4569-8305-97E37EB92836}.Release|x86.ActiveCfg = Release|Any CPU
		{8BC86D94-BC36-4569-8305-97E37EB92836}.Release|x86.Build.0 = Release|Any CPU
	EndGlobalSection
EndGlobal
